
Microsoft Visual Studio Solution File, Format Version 12.00
# Visual Studio Version 17
VisualStudioVersion = 17.10.34916.146
MinimumVisualStudioVersion = 10.0.40219.1
Project("{FAE04EC0-301F-11D3-BF4B-00C04F79EFBC}") = "ReproductorMultimedia", "ReproductorMultimedia\ReproductorMultimedia.csproj", "{9BD8DCA6-7C93-4736-B566-1DF15C6C428D}"
EndProject
Global
	GlobalSection(SolutionConfigurationPlatforms) = preSolution
		Debug|Any CPU = Debug|Any CPU
		Release|Any CPU = Release|Any CPU
	EndGlobalSection
	GlobalSection(ProjectConfigurationPlatforms) = postSolution
		{9BD8DCA6-7C93-4736-B566-1DF15C6C428D}.Debug|Any CPU.ActiveCfg = Debug|Any CPU
		{9BD8DCA6-7C93-4736-B566-1DF15C6C428D}.Debug|Any CPU.Build.0 = Debug|Any CPU
		{9BD8DCA6-7C93-4736-B566-1DF15C6C428D}.Release|Any CPU.ActiveCfg = Release|Any CPU
		{9BD8DCA6-7C93-4736-B566-1DF15C6C428D}.Release|Any CPU.Build.0 = Release|Any CPU
	EndGlobalSection
	GlobalSection(SolutionProperties) = preSolution
		HideSolutionNode = FALSE
	EndGlobalSection
	GlobalSection(ExtensibilityGlobals) = postSolution
		SolutionGuid = {54679CA2-AC9B-44CF-A87A-F24AD164CF24}
	EndGlobalSection
EndGlobal
